// !$*UTF8*$!
{
	archiveVersion = 1;
	classes = {
	};
	objectVersion = 50;
	objects = {

/* Begin PBXBuildFile section */
		A7262FC0245FC43F00D8A06B /* AppDelegate.swift in Sources */ = {isa = PBXBuildFile; fileRef = A7262FBF245FC43F00D8A06B /* AppDelegate.swift */; };
		A7262FC2245FC43F00D8A06B /* SceneDelegate.swift in Sources */ = {isa = PBXBuildFile; fileRef = A7262FC1245FC43F00D8A06B /* SceneDelegate.swift */; };
		A7262FC4245FC43F00D8A06B /* ViewController.swift in Sources */ = {isa = PBXBuildFile; fileRef = A7262FC3245FC43F00D8A06B /* ViewController.swift */; };
		A7262FC7245FC43F00D8A06B /* Main.storyboard in Resources */ = {isa = PBXBuildFile; fileRef = A7262FC5245FC43F00D8A06B /* Main.storyboard */; };
		A7262FC9245FC44200D8A06B /* Assets.xcassets in Resources */ = {isa = PBXBuildFile; fileRef = A7262FC8245FC44200D8A06B /* Assets.xcassets */; };
		A7262FCC245FC44200D8A06B /* LaunchScreen.storyboard in Resources */ = {isa = PBXBuildFile; fileRef = A7262FCA245FC44200D8A06B /* LaunchScreen.storyboard */; };
/* End PBXBuildFile section */

/* Begin PBXFileReference section */
		A7262FBC245FC43F00D8A06B /* DiffableTableView.app */ = {isa = PBXFileReference; explicitFileType = wrapper.application; includeInIndex = 0; path = DiffableTableView.app; sourceTree = BUILT_PRODUCTS_DIR; };
		A7262FBF245FC43F00D8A06B /* AppDelegate.swift */ = {isa = PBXFileReference; lastKnownFileType = sourcecode.swift; path = AppDelegate.swift; sourceTree = "<group>"; };
		A7262FC1245FC43F00D8A06B /* SceneDelegate.swift */ = {isa = PBXFileReference; lastKnownFileType = sourcecode.swift; path = SceneDelegate.swift; sourceTree = "<group>"; };
		A7262FC3245FC43F00D8A06B /* ViewController.swift */ = {isa = PBXFileReference; lastKnownFileType = sourcecode.swift; path = ViewController.swift; sourceTree = "<group>"; };
		A7262FC6245FC43F00D8A06B /* Base */ = {isa = PBXFileReference; lastKnownFileType = file.storyboard; name = Base; path = Base.lproj/Main.storyboard; sourceTree = "<group>"; };
		A7262FC8245FC44200D8A06B /* Assets.xcassets */ = {isa = PBXFileReference; lastKnownFileType = folder.assetcatalog; path = Assets.xcassets; sourceTree = "<group>"; };
		A7262FCB245FC44200D8A06B /* Base */ = {isa = PBXFileReference; lastKnownFileType = file.storyboard; name = Base; path = Base.lproj/LaunchScreen.storyboard; sourceTree = "<group>"; };
		A7262FCD245FC44200D8A06B /* Info.plist */ = {isa = PBXFileReference; lastKnownFileType = text.plist.xml; path = Info.plist; sourceTree = "<group>"; };
/* End PBXFileReference section */

/* Begin PBXFrameworksBuildPhase section */
		A7262FB9245FC43F00D8A06B /* Frameworks */ = {
			isa = PBXFrameworksBuildPhase;
			buildActionMask = 2147483647;
			files = (
			);
			runOnlyForDeploymentPostprocessing = 0;
		};
/* End PBXFrameworksBuildPhase section */

/* Begin PBXGroup section */
		A7262FB3245FC43F00D8A06B = {
			isa = PBXGroup;
			children = (
				A7262FBE245FC43F00D8A06B /* DiffableTableView */,
				A7262FBD245FC43F00D8A06B /* Products */,
			);
			sourceTree = "<group>";
		};
		A7262FBD245FC43F00D8A06B /* Products */ = {
			isa = PBXGroup;
			children = (
				A7262FBC245FC43F00D8A06B /* DiffableTableView.app */,
			);
			name = Products;
			sourceTree = "<group>";
		};
		A7262FBE245FC43F00D8A06B /* DiffableTableView */ = {
			isa = PBXGroup;
			children = (
				A7262FBF245FC43F00D8A06B /* AppDelegate.swift */,
				A7262FC1245FC43F00D8A06B /* SceneDelegate.swift */,
				A7262FC3245FC43F00D8A06B /* ViewController.swift */,
				A7262FC5245FC43F00D8A06B /* Main.storyboard */,
				A7262FC8245FC44200D8A06B /* Assets.xcassets */,
				A7262FCA245FC44200D8A06B /* LaunchScreen.storyboard */,
				A7262FCD245FC44200D8A06B /* Info.plist */,
			);
			path = DiffableTableView;
			sourceTree = "<group>";
		};
/* End PBXGroup section */

/* Begin PBXNativeTarget section */
		A7262FBB245FC43F00D8A06B /* DiffableTableView */ = {
			isa = PBXNativeTarget;
			buildConfigurationList = A7262FD0245FC44200D8A06B /* Build configuration list for PBXNativeTarget "DiffableTableView" */;
			buildPhases = (
				A7262FB8245FC43F00D8A06B /* Sources */,
				A7262FB9245FC43F00D8A06B /* Frameworks */,
				A7262FBA245FC43F00D8A06B /* Resources */,
			);
			buildRules = (
			);
			dependencies = (
			);
			name = DiffableTableView;
			productName = DiffableTableView;
			productReference = A7262FBC245FC43F00D8A06B /* DiffableTableView.app */;
			productType = "com.apple.product-type.application";
		};
/* End PBXNativeTarget section */

/* Begin PBXProject section */
		A7262FB4245FC43F00D8A06B /* Project object */ = {
			isa = PBXProject;
			attributes = {
				LastSwiftUpdateCheck = 1140;
				LastUpgradeCheck = 1140;
				ORGANIZATIONNAME = "游宗諭";
				TargetAttributes = {
					A7262FBB245FC43F00D8A06B = {
						CreatedOnToolsVersion = 11.4;
					};
				};
			};
			buildConfigurationList = A7262FB7245FC43F00D8A06B /* Build configuration list for PBXProject "DiffableTableView" */;
			compatibilityVersion = "Xcode 9.3";
			developmentRegion = en;
			hasScannedForEncodings = 0;
			knownRegions = (
				en,
				Base,
			);
			mainGroup = A7262FB3245FC43F00D8A06B;
			productRefGroup = A7262FBD245FC43F00D8A06B /* Products */;
			projectDirPath = "";
			projectRoot = "";
			targets = (
				A7262FBB245FC43F00D8A06B /* DiffableTableView */,
			);
		};
/* End PBXProject section */

/* Begin PBXResourcesBuildPhase section */
		A7262FBA245FC43F00D8A06B /* Resources */ = {
			isa = PBXResourcesBuildPhase;
			buildActionMask = 2147483647;
			files = (
				A7262FCC245FC44200D8A06B /* LaunchScreen.storyboard in Resources */,
				A7262FC9245FC44200D8A06B /* Assets.xcassets in Resources */,
				A7262FC7245FC43F00D8A06B /* Main.storyboard in Resources */,
			);
			runOnlyForDeploymentPostprocessing = 0;
		};
/* End PBXResourcesBuildPhase section */

/* Begin PBXSourcesBuildPhase section */
		A7262FB8245FC43F00D8A06B /* Sources */ = {
			isa = PBXSourcesBuildPhase;
			buildActionMask = 2147483647;
			files = (
				A7262FC4245FC43F00D8A06B /* ViewController.swift in Sources */,
				A7262FC0245FC43F00D8A06B /* AppDelegate.swift in Sources */,
				A7262FC2245FC43F00D8A06B /* SceneDelegate.swift in Sources */,
			);
			runOnlyForDeploymentPostprocessing = 0;
		};
/* End PBXSourcesBuildPhase section */

/* Begin PBXVariantGroup section */
		A7262FC5245FC43F00D8A06B /* Main.storyboard */ = {
			isa = PBXVariantGroup;
			children = (
				A7262FC6245FC43F00D8A06B /* Base */,
			);
			name = Main.storyboard;
			sourceTree = "<group>";
		};
		A7262FCA245FC44200D8A06B /* LaunchScreen.storyboard */ = {
			isa = PBXVariantGroup;
			children = (
				A7262FCB245FC44200D8A06B /* Base */,
			);
			name = LaunchScreen.storyboard;
			sourceTree = "<group>";
		};
/* End PBXVariantGroup section */

/* Begin XCBuildConfiguration section */
		A7262FCE245FC44200D8A06B /* Debug */ = {
			isa = XCBuildConfiguration;
			buildSettings = {
				ALWAYS_SEARCH_USER_PATHS = NO;
				CLANG_ANALYZER_NONNULL = YES;
				CLANG_ANALYZER_NUMBER_OBJECT_CONVERSION = YES_AGGRESSIVE;
				CLANG_CXX_LANGUAGE_STANDARD = "gnu++14";
				CLANG_CXX_LIBRARY = "libc++";
				CLANG_ENABLE_MODULES = YES;
				CLANG_ENABLE_OBJC_ARC = YES;
				CLANG_ENABLE_OBJC_WEAK = YES;
				CLANG_WARN_BLOCK_CAPTURE_AUTORELEASING = YES;
				CLANG_WARN_BOOL_CONVERSION = YES;
				CLANG_WARN_COMMA = YES;
				CLANG_WARN_CONSTANT_CONVERSION = YES;
				CLANG_WARN_DEPRECATED_OBJC_IMPLEMENTATIONS = YES;
				CLANG_WARN_DIRECT_OBJC_ISA_USAGE = YES_ERROR;
				CLANG_WARN_DOCUMENTATION_COMMENTS = YES;
				CLANG_WARN_EMPTY_BODY = YES;
				CLANG_WARN_ENUM_CONVERSION = YES;
				CLANG_WARN_INFINITE_RECURSION = YES;
				CLANG_WARN_INT_CONVERSION = YES;
				CLANG_WARN_NON_LITERAL_NULL_CONVERSION = YES;
				CLANG_WARN_OBJC_IMPLICIT_RETAIN_SELF = YES;
				CLANG_WARN_OBJC_LITERAL_CONVERSION = YES;
				CLANG_WARN_OBJC_ROOT_CLASS = YES_ERROR;
				CLANG_WARN_RANGE_LOOP_ANALYSIS = YES;
				CLANG_WARN_STRICT_PROTOTYPES = YES;
				CLANG_WARN_SUSPICIOUS_MOVE = YES;
				CLANG_WARN_UNGUARDED_AVAILABILITY = YES_AGGRESSIVE;
				CLANG_WARN_UNREACHABLE_CODE = YES;
				CLANG_WARN__DUPLICATE_METHOD_MATCH = YES;
				COPY_PHASE_STRIP = NO;
				DEBUG_INFORMATION_FORMAT = dwarf;
				ENABLE_STRICT_OBJC_MSGSEND = YES;
				ENABLE_TESTABILITY = YES;
				GCC_C_LANGUAGE_STANDARD = gnu11;
				GCC_DYNAMIC_NO_PIC = NO;
				GCC_NO_COMMON_BLOCKS = YES;
				GCC_OPTIMIZATION_LEVEL = 0;
				GCC_PREPROCESSOR_DEFINITIONS = (
					"DEBUG=1",
					"$(inherited)",
				);
				GCC_WARN_64_TO_32_BIT_CONVERSION = YES;
				GCC_WARN_ABOUT_RETURN_TYPE = YES_ERROR;
				GCC_WARN_UNDECLARED_SELECTOR = YES;
				GCC_WARN_UNINITIALIZED_AUTOS = YES_AGGRESSIVE;
				GCC_WARN_UNUSED_FUNCTION = YES;
				GCC_WARN_UNUSED_VARIABLE = YES;
				IPHONEOS_DEPLOYMENT_TARGET = 13.4;
				MTL_ENABLE_DEBUG_INFO = INCLUDE_SOURCE;
				MTL_FAST_MATH = YES;
				ONLY_ACTIVE_ARCH = YES;
				SDKROOT = iphoneos;
				SWIFT_ACTIVE_COMPILATION_CONDITIONS = DEBUG;
				SWIFT_OPTIMIZATION_LEVEL = "-Onone";
			};
			name = Debug;
		};
		A7262FCF245FC44200D8A06B /* Release */ = {
			isa = XCBuildConfiguration;
			buildSettings = {
				ALWAYS_SEARCH_USER_PATHS = NO;
				CLANG_ANALYZER_NONNULL = YES;
				CLANG_ANALYZER_NUMBER_OBJECT_CONVERSION = YES_AGGRESSIVE;
				CLANG_CXX_LANGUAGE_STANDARD = "gnu++14";
				CLANG_CXX_LIBRARY = "libc++";
				CLANG_ENABLE_MODULES = YES;
				CLANG_ENABLE_OBJC_ARC = YES;
				CLANG_ENABLE_OBJC_WEAK = YES;
				CLANG_WARN_BLOCK_CAPTURE_AUTORELEASING = YES;
				CLANG_WARN_BOOL_CONVERSION = YES;
				CLANG_WARN_COMMA = YES;
				CLANG_WARN_CONSTANT_CONVERSION = YES;
				CLANG_WARN_DEPRECATED_OBJC_IMPLEMENTATIONS = YES;
				CLANG_WARN_DIRECT_OBJC_ISA_USAGE = YES_ERROR;
				CLANG_WARN_DOCUMENTATION_COMMENTS = YES;
				CLANG_WARN_EMPTY_BODY = YES;
				CLANG_WARN_ENUM_CONVERSION = YES;
				CLANG_WARN_INFINITE_RECURSION = YES;
				CLANG_WARN_INT_CONVERSION = YES;
				CLANG_WARN_NON_LITERAL_NULL_CONVERSION = YES;
				CLANG_WARN_OBJC_IMPLICIT_RETAIN_SELF = YES;
				CLANG_WARN_OBJC_LITERAL_CONVERSION = YES;
				CLANG_WARN_OBJC_ROOT_CLASS = YES_ERROR;
				CLANG_WARN_RANGE_LOOP_ANALYSIS = YES;
				CLANG_WARN_STRICT_PROTOTYPES = YES;
				CLANG_WARN_SUSPICIOUS_MOVE = YES;
				CLANG_WARN_UNGUARDED_AVAILABILITY = YES_AGGRESSIVE;
				CLANG_WARN_UNREACHABLE_CODE = YES;
				CLANG_WARN__DUPLICATE_METHOD_MATCH = YES;
				COPY_PHASE_STRIP = NO;
				DEBUG_INFORMATION_FORMAT = "dwarf-with-dsym";
				ENABLE_NS_ASSERTIONS = NO;
				ENABLE_STRICT_OBJC_MSGSEND = YES;
				GCC_C_LANGUAGE_STANDARD = gnu11;
				GCC_NO_COMMON_BLOCKS = YES;
				GCC_WARN_64_TO_32_BIT_CONVERSION = YES;
				GCC_WARN_ABOUT_RETURN_TYPE = YES_ERROR;
				GCC_WARN_UNDECLARED_SELECTOR = YES;
				GCC_WARN_UNINITIALIZED_AUTOS = YES_AGGRESSIVE;
				GCC_WARN_UNUSED_FUNCTION = YES;
				GCC_WARN_UNUSED_VARIABLE = YES;
				IPHONEOS_DEPLOYMENT_TARGET = 13.4;
				MTL_ENABLE_DEBUG_INFO = NO;
				MTL_FAST_MATH = YES;
				SDKROOT = iphoneos;
				SWIFT_COMPILATION_MODE = wholemodule;
				SWIFT_OPTIMIZATION_LEVEL = "-O";
				VALIDATE_PRODUCT = YES;
			};
			name = Release;
		};
		A7262FD1245FC44200D8A06B /* Debug */ = {
			isa = XCBuildConfiguration;
			buildSettings = {
				ASSETCATALOG_COMPILER_APPICON_NAME = AppIcon;
				CODE_SIGN_STYLE = Automatic;
				DEVELOPMENT_TEAM = 3AMPL46LPV;
				INFOPLIST_FILE = DiffableTableView/Info.plist;
				LD_RUNPATH_SEARCH_PATHS = (
					"$(inherited)",
					"@executable_path/Frameworks",
				);
				PRODUCT_BUNDLE_IDENTIFIER = com.ytyubox.DiffableTableView;
				PRODUCT_NAME = "$(TARGET_NAME)";
				SWIFT_VERSION = 5.0;
				TARGETED_DEVICE_FAMILY = "1,2";
			};
			name = Debug;
		};
		A7262FD2245FC44200D8A06B /* Release */ = {
			isa = XCBuildConfiguration;
			buildSettings = {
				ASSETCATALOG_COMPILER_APPICON_NAME = AppIcon;
				CODE_SIGN_STYLE = Automatic;
				DEVELOPMENT_TEAM = 3AMPL46LPV;
				INFOPLIST_FILE = DiffableTableView/Info.plist;
				LD_RUNPATH_SEARCH_PATHS = (
					"$(inherited)",
					"@executable_path/Frameworks",
				);
				PRODUCT_BUNDLE_IDENTIFIER = com.ytyubox.DiffableTableView;
				PRODUCT_NAME = "$(TARGET_NAME)";
				SWIFT_VERSION = 5.0;
				TARGETED_DEVICE_FAMILY = "1,2";
			};
			name = Release;
		};
/* End XCBuildConfiguration section */

/* Begin XCConfigurationList section */
		A7262FB7245FC43F00D8A06B /* Build configuration list for PBXProject "DiffableTableView" */ = {
			isa = XCConfigurationList;
			buildConfigurations = (
				A7262FCE245FC44200D8A06B /* Debug */,
				A7262FCF245FC44200D8A06B /* Release */,
			);
			defaultConfigurationIsVisible = 0;
			defaultConfigurationName = Release;
		};
		A7262FD0245FC44200D8A06B /* Build configuration list for PBXNativeTarget "DiffableTableView" */ = {
			isa = XCConfigurationList;
			buildConfigurations = (
				A7262FD1245FC44200D8A06B /* Debug */,
				A7262FD2245FC44200D8A06B /* Release */,
			);
			defaultConfigurationIsVisible = 0;
			defaultConfigurationName = Release;
		};
/* End XCConfigurationList section */
	};
	rootObject = A7262FB4245FC43F00D8A06B /* Project object */;
}
